{
  "pins" : [
    {
      "identity" : "swiftgd",
      "kind" : "remoteSourceControl",
      "location" : "https://github.com/twostraws/SwiftGD.git",
      "state" : {
        "revision" : "1960998971b453101e740f25bc6d9fb01e0ba225",
        "version" : "2.5.0"
      }
    }
  ],
  "version" : 2
}
